{
  "lockfileVersion": 1,
  "configVersion": 0,
  "workspaces": {
    "": {
      "name": "vite_react_shadcn_ts",
      "dependencies": {
        "@supabase/supabase-js": "^2.105.3",
      },
      "devDependencies": {
        "electron": "^42.0.0",
      },
    },
  },
  "packages": {
    "@electron/get": ["@electron/get@5.0.0", "https://europe-west4-npm.pkg.dev/lovable-core-prod/sandbox-npm-cache/@electron/get/-/get-5.0.0.tgz", { "dependencies": { "debug": "^4.1.1", "env-paths": "^3.0.0", "graceful-fs": "^4.2.11", "progress": "^2.0.3", "semver": "^7.6.3", "sumchecker": "^3.0.1" }, "optionalDependencies": { "undici": "^7.24.4" } }, "sha512-pjoBpru1KdEtcExBnuHAP1cAc/5faoedw0hzJkL3o4/IJp7HNF1+fbrdxT3gMYRX2oJfvnA/WXeCTVQpYYxyJA=="],

    "@supabase/auth-js": ["@supabase/auth-js@2.105.3", "https://europe-west4-npm.pkg.dev/lovable-core-prod/sandbox-npm-cache/@supabase/auth-js/-/auth-js-2.105.3.tgz", { "dependencies": { "tslib": "2.8.1" } }, "sha512-hMFuzP++mjRfe0/BUq4/e82CXIDgyjUgg0khLN8waol/gzoM1t2iGmhfJSGvQHQ1dr3XqWpP6ThAw4bLHMot5Q=="],

    "@supabase/functions-js": ["@supabase/functions-js@2.105.3", "https://europe-west4-npm.pkg.dev/lovable-core-prod/sandbox-npm-cache/@supabase/functions-js/-/functions-js-2.105.3.tgz", { "dependencies": { "tslib": "2.8.1" } }, "sha512-KyutUwLLUZ9fRXsiFACL6lq7akBVHFl0fnqQnrxjbsPco8jeb4EyirQuvr52QCLnikzjMRC0uxAHOSM54aDrZA=="],

    "@supabase/phoenix": ["@supabase/phoenix@0.4.1", "", {}, "sha512-hWGJkDAfWUNY8k0C080u3sGNFd2ncl9erhKgP7hnGkgJWEfT5Pd/SXal4QmWXBECVlZrannMAc9sBaaRyWpiUA=="],

    "@supabase/postgrest-js": ["@supabase/postgrest-js@2.105.3", "https://europe-west4-npm.pkg.dev/lovable-core-prod/sandbox-npm-cache/@supabase/postgrest-js/-/postgrest-js-2.105.3.tgz", { "dependencies": { "tslib": "2.8.1" } }, "sha512-jFVYRHcri0ZMcTzKpQ2r2wWOB8/rPsbj92kxmCmVJUiRrdgiMtuYlkS06Fhs8UJZhEOL0UpGhh06XDwh8JwtBQ=="],

    "@supabase/realtime-js": ["@supabase/realtime-js@2.105.3", "https://europe-west4-npm.pkg.dev/lovable-core-prod/sandbox-npm-cache/@supabase/realtime-js/-/realtime-js-2.105.3.tgz", { "dependencies": { "@supabase/phoenix": "^0.4.1", "@types/ws": "^8.18.1", "tslib": "2.8.1", "ws": "^8.18.2" } }, "sha512-L+qPiJlq1RKh3QD2fORGCFo2RKDKlvG9mjvPtUEQJ2tMixrx70VIV6j8BdWzQkbc1Nao6mvTWajyDhX3TFgljw=="],

    "@supabase/storage-js": ["@supabase/storage-js@2.105.3", "https://europe-west4-npm.pkg.dev/lovable-core-prod/sandbox-npm-cache/@supabase/storage-js/-/storage-js-2.105.3.tgz", { "dependencies": { "iceberg-js": "^0.8.1", "tslib": "2.8.1" } }, "sha512-M7oPCCcHim/FsR6rKIs10Nd9mW051N2SQvA27jiVLa7oQMFFb7faX5dCQRV4GS5QeFsBcV5J/fWl4Ppoaw8cBQ=="],

    "@supabase/supabase-js": ["@supabase/supabase-js@2.105.3", "https://europe-west4-npm.pkg.dev/lovable-core-prod/sandbox-npm-cache/@supabase/supabase-js/-/supabase-js-2.105.3.tgz", { "dependencies": { "@supabase/auth-js": "2.105.3", "@supabase/functions-js": "2.105.3", "@supabase/postgrest-js": "2.105.3", "@supabase/realtime-js": "2.105.3", "@supabase/storage-js": "2.105.3" } }, "sha512-5Dm9+I61LAWwjw+0zcqXhSmTxUJaYHBPyHwMCIBH4TBUNwDn2pYUIsi6oUu0I5r9HtLtaFl7w4wa+DV9gRsbDg=="],

    "@types/node": ["@types/node@24.12.2", "https://europe-west4-npm.pkg.dev/lovable-core-prod/sandbox-npm-cache/@types/node/-/node-24.12.2.tgz", { "dependencies": { "undici-types": "~7.16.0" } }, "sha512-A1sre26ke7HDIuY/M23nd9gfB+nrmhtYyMINbjI1zHJxYteKR6qSMX56FsmjMcDb3SMcjJg5BiRRgOCC/yBD0g=="],

    "@types/ws": ["@types/ws@8.18.1", "", { "dependencies": { "@types/node": "*" } }, "sha512-ThVF6DCVhA8kUGy+aazFQ4kXQ7E1Ty7A3ypFOe0IcJV8O/M511G99AW24irKrW56Wt44yG9+ij8FaqoBGkuBXg=="],

    "@types/yauzl": ["@types/yauzl@2.10.3", "https://europe-west4-npm.pkg.dev/lovable-core-prod/sandbox-npm-cache/@types/yauzl/-/yauzl-2.10.3.tgz", { "dependencies": { "@types/node": "*" } }, "sha512-oJoftv0LSuaDZE3Le4DbKX+KS9G36NzOeSap90UIK0yMA/NhKJhqlSGtNDORNRaIbQfzjXDrQa0ytJ6mNRGz/Q=="],

    "buffer-crc32": ["buffer-crc32@0.2.13", "https://europe-west4-npm.pkg.dev/lovable-core-prod/sandbox-npm-cache/buffer-crc32/-/buffer-crc32-0.2.13.tgz", {}, "sha512-VO9Ht/+p3SN7SKWqcrgEzjGbRSJYTx+Q1pTQC0wrWqHx0vpJraQ6GtHx8tvcg1rlK1byhU5gccxgOgj7B0TDkQ=="],

    "debug": ["debug@4.4.3", "", { "dependencies": { "ms": "^2.1.3" } }, "sha512-RGwwWnwQvkVfavKVt22FGLw+xYSdzARwm0ru6DhTVA3umU5hZc28V3kO4stgYryrTlLpuvgI9GiijltAjNbcqA=="],

    "electron": ["electron@42.0.0", "https://europe-west4-npm.pkg.dev/lovable-core-prod/sandbox-npm-cache/electron/-/electron-42.0.0.tgz", { "dependencies": { "@electron/get": "^5.0.0", "@types/node": "^24.9.0", "extract-zip": "^2.0.1" }, "bin": { "electron": "cli.js", "install-electron": "install.js" } }, "sha512-in5jnW/Ywy3Rh3FPr4MR80exPEkywKYAmDJRZ/gIKlr8VXEi3zXgiAZbf0Si7KRccHTF2y8euVMRz7M6HqTjMA=="],

    "end-of-stream": ["end-of-stream@1.4.5", "https://europe-west4-npm.pkg.dev/lovable-core-prod/sandbox-npm-cache/end-of-stream/-/end-of-stream-1.4.5.tgz", { "dependencies": { "once": "^1.4.0" } }, "sha512-ooEGc6HP26xXq/N+GCGOT0JKCLDGrq2bQUZrQ7gyrJiZANJ/8YDTxTpQBXGMn+WbIQXNVpyWymm7KYVICQnyOg=="],

    "env-paths": ["env-paths@3.0.0", "https://europe-west4-npm.pkg.dev/lovable-core-prod/sandbox-npm-cache/env-paths/-/env-paths-3.0.0.tgz", {}, "sha512-dtJUTepzMW3Lm/NPxRf3wP4642UWhjL2sQxc+ym2YMj1m/H2zDNQOlezafzkHwn6sMstjHTwG6iQQsctDW/b1A=="],

    "extract-zip": ["extract-zip@2.0.1", "https://europe-west4-npm.pkg.dev/lovable-core-prod/sandbox-npm-cache/extract-zip/-/extract-zip-2.0.1.tgz", { "dependencies": { "debug": "^4.1.1", "get-stream": "^5.1.0", "yauzl": "^2.10.0" }, "optionalDependencies": { "@types/yauzl": "^2.9.1" }, "bin": { "extract-zip": "cli.js" } }, "sha512-GDhU9ntwuKyGXdZBUgTIe+vXnWj0fppUEtMDL0+idd5Sta8TGpHssn/eusA9mrPr9qNDym6SxAYZjNvCn/9RBg=="],

    "fd-slicer": ["fd-slicer@1.1.0", "https://europe-west4-npm.pkg.dev/lovable-core-prod/sandbox-npm-cache/fd-slicer/-/fd-slicer-1.1.0.tgz", { "dependencies": { "pend": "~1.2.0" } }, "sha512-cE1qsB/VwyQozZ+q1dGxR8LBYNZeofhEdUNGSMbQD3Gw2lAzX9Zb3uIU6Ebc/Fmyjo9AWWfnn0AUCHqtevs/8g=="],

    "get-stream": ["get-stream@5.2.0", "https://europe-west4-npm.pkg.dev/lovable-core-prod/sandbox-npm-cache/get-stream/-/get-stream-5.2.0.tgz", { "dependencies": { "pump": "^3.0.0" } }, "sha512-nBF+F1rAZVCu/p7rjzgA+Yb4lfYXrpl7a6VmJrU8wF9I1CKvP/QwPNZHnOlwbTkY6dvtFIzFMSyQXbLoTQPRpA=="],

    "graceful-fs": ["graceful-fs@4.2.11", "https://europe-west4-npm.pkg.dev/lovable-core-prod/sandbox-npm-cache/graceful-fs/-/graceful-fs-4.2.11.tgz", {}, "sha512-RbJ5/jmFcNNCcDV5o9eTnBLJ/HszWV0P73bc+Ff4nS/rJj+YaS6IGyiOL0VoBYX+l1Wrl3k63h/KrH+nhJ0XvQ=="],

    "iceberg-js": ["iceberg-js@0.8.1", "", {}, "sha512-1dhVQZXhcHje7798IVM+xoo/1ZdVfzOMIc8/rgVSijRK38EDqOJoGula9N/8ZI5RD8QTxNQtK/Gozpr+qUqRRA=="],

    "ms": ["ms@2.1.3", "", {}, "sha512-6FlzubTLZG3J2a/NVCAleEhjzq5oxgHyaCU9yYXvcLsvoVaHJq/s5xXI6/XXP6tz7R9xAOtHnSO/tXtF3WRTlA=="],

    "once": ["once@1.4.0", "https://europe-west4-npm.pkg.dev/lovable-core-prod/sandbox-npm-cache/once/-/once-1.4.0.tgz", { "dependencies": { "wrappy": "1" } }, "sha512-lNaJgI+2Q5URQBkccEKHTQOPaXdUxnZZElQTZY0MFUAuaEqe1E+Nyvgdz/aIyNi6Z9MzO5dv1H8n58/GELp3+w=="],

    "pend": ["pend@1.2.0", "https://europe-west4-npm.pkg.dev/lovable-core-prod/sandbox-npm-cache/pend/-/pend-1.2.0.tgz", {}, "sha512-F3asv42UuXchdzt+xXqfW1OGlVBe+mxa2mqI0pg5yAHZPvFmY3Y6drSf/GQ1A86WgWEN9Kzh/WrgKa6iGcHXLg=="],

    "progress": ["progress@2.0.3", "https://europe-west4-npm.pkg.dev/lovable-core-prod/sandbox-npm-cache/progress/-/progress-2.0.3.tgz", {}, "sha512-7PiHtLll5LdnKIMw100I+8xJXR5gW2QwWYkT6iJva0bXitZKa/XMrSbdmg3r2Xnaidz9Qumd0VPaMrZlF9V9sA=="],

    "pump": ["pump@3.0.4", "https://europe-west4-npm.pkg.dev/lovable-core-prod/sandbox-npm-cache/pump/-/pump-3.0.4.tgz", { "dependencies": { "end-of-stream": "^1.1.0", "once": "^1.3.1" } }, "sha512-VS7sjc6KR7e1ukRFhQSY5LM2uBWAUPiOPa/A3mkKmiMwSmRFUITt0xuj+/lesgnCv+dPIEYlkzrcyXgquIHMcA=="],

    "semver": ["semver@7.7.2", "", { "bin": "bin/semver.js" }, "sha512-RF0Fw+rO5AMf9MAyaRXI4AV0Ulj5lMHqVxxdSgiVbixSCXoEmmX/jk0CuJw4+3SqroYO9VoUh+HcuJivvtJemA=="],

    "sumchecker": ["sumchecker@3.0.1", "https://europe-west4-npm.pkg.dev/lovable-core-prod/sandbox-npm-cache/sumchecker/-/sumchecker-3.0.1.tgz", { "dependencies": { "debug": "^4.1.0" } }, "sha512-MvjXzkz/BOfyVDkG0oFOtBxHX2u3gKbMHIF/dXblZsgD3BWOFLmHovIpZY7BykJdAjcqRCBi1WYBNdEC9yI7vg=="],

    "tslib": ["tslib@2.8.1", "", {}, "sha512-oJFu94HQb+KVduSUQL7wnpmqnfmLsOA/nAh6b6EH0wCEoK0/mPeXU6c3wKDV83MkOuHPRHtSXKKU99IBazS/2w=="],

    "undici": ["undici@7.25.0", "https://europe-west4-npm.pkg.dev/lovable-core-prod/sandbox-npm-cache/undici/-/undici-7.25.0.tgz", {}, "sha512-xXnp4kTyor2Zq+J1FfPI6Eq3ew5h6Vl0F/8d9XU5zZQf1tX9s2Su1/3PiMmUANFULpmksxkClamIZcaUqryHsQ=="],

    "undici-types": ["undici-types@7.16.0", "https://europe-west4-npm.pkg.dev/lovable-core-prod/sandbox-npm-cache/undici-types/-/undici-types-7.16.0.tgz", {}, "sha512-Zz+aZWSj8LE6zoxD+xrjh4VfkIG8Ya6LvYkZqtUQGJPZjYl53ypCaUwWqo7eI0x66KBGeRo+mlBEkMSeSZ38Nw=="],

    "wrappy": ["wrappy@1.0.2", "https://europe-west4-npm.pkg.dev/lovable-core-prod/sandbox-npm-cache/wrappy/-/wrappy-1.0.2.tgz", {}, "sha512-l4Sp/DRseor9wL6EvV2+TuQn63dMkPjZ/sp9XkghTEbV9KlPS1xUsZ3u7/IQO4wxtcFB4bgpQPRcR3QCvezPcQ=="],

    "ws": ["ws@8.20.0", "", { "peerDependencies": { "bufferutil": "^4.0.1", "utf-8-validate": ">=5.0.2" }, "optionalPeers": ["bufferutil", "utf-8-validate"] }, "sha512-sAt8BhgNbzCtgGbt2OxmpuryO63ZoDk/sqaB/znQm94T4fCEsy/yV+7CdC1kJhOU9lboAEU7R3kquuycDoibVA=="],

    "yauzl": ["yauzl@2.10.0", "https://europe-west4-npm.pkg.dev/lovable-core-prod/sandbox-npm-cache/yauzl/-/yauzl-2.10.0.tgz", { "dependencies": { "buffer-crc32": "~0.2.3", "fd-slicer": "~1.1.0" } }, "sha512-p4a9I6X6nu6IhoGmBqAcbJy1mlC4j27vEPZX9F4L4/vZT3Lyq1VkFHw/V/PUcB9Buo+DG3iHkT0x3Qya58zc3g=="],

    "@types/ws/@types/node": ["@types/node@22.16.5", "", { "dependencies": { "undici-types": "~6.21.0" } }, "sha512-bJFoMATwIGaxxx8VJPeM8TonI8t579oRvgAuT8zFugJsJZgzqv0Fu8Mhp68iecjzG7cnN3mO2dJQ5uUM2EFrgQ=="],

    "@types/ws/@types/node/undici-types": ["undici-types@6.21.0", "", {}, "sha512-iwDZqg0QAGrg9Rav5H4n0M64c3mkR59cJ6wQp+7C4nI0gsmExaedaYLNO44eT4AtBBwjbTiGPMlt2Md0T9H9JQ=="],
  }
}
